# THIS IS AN AUTOGENERATED FILE. DO NOT EDIT THIS FILE DIRECTLY.
# yarn lockfile v1


"@types/events@*":
  version "3.0.0"
  resolved "http://10.158.249.13:4873/@types%2fevents/-/events-3.0.0.tgz#2862f3f58a9a7f7c3e78d79f130dd4d71c25c2a7"

"@types/formidable@^1.0.31":
  version "1.0.31"
  resolved "http://10.158.249.13:4873/@types%2fformidable/-/formidable-1.0.31.tgz#274f9dc2d0a1a9ce1feef48c24ca0859e7ec947b"
  dependencies:
    "@types/events" "*"
    "@types/node" "*"

"@types/node@*":
  version "14.0.11"
  resolved "http://10.158.249.13:4873/@types%2fnode/-/node-14.0.11.tgz#61d4886e2424da73b7b25547f59fdcb534c165a3"

accepts@^1.3.5:
  version "1.3.7"
  resolved "http://10.158.249.13:4873/accepts/-/accepts-1.3.7.tgz#531bc726517a3b2b41f850021c6cc15eaab507cd"
  dependencies:
    mime-types "~2.1.24"
    negotiator "0.6.2"

ajv-errors@^1.0.1:
  version "1.0.1"
  resolved "http://10.158.249.13:4873/ajv-errors/-/ajv-errors-1.0.1.tgz#f35986aceb91afadec4102fbd85014950cefa64d"

ajv-keywords@^3.4.1:
  version "3.4.1"
  resolved "http://10.158.249.13:4873/ajv-keywords/-/ajv-keywords-3.4.1.tgz#ef916e271c64ac12171fd8384eaae6b2345854da"

ajv@^6.12.2:
  version "6.12.2"
  resolved "http://10.158.249.13:4873/ajv/-/ajv-6.12.2.tgz#c629c5eced17baf314437918d2da88c99d5958cd"
  dependencies:
    fast-deep-equal "^3.1.1"
    fast-json-stable-stringify "^2.0.0"
    json-schema-traverse "^0.4.1"
    uri-js "^4.2.2"

any-promise@^1.1.0:
  version "1.3.0"
  resolved "http://10.158.249.13:4873/any-promise/-/any-promise-1.3.0.tgz#abc6afeedcea52e809cdc0376aed3ce39635d17f"

assign-symbols@^1.0.0:
  version "1.0.0"
  resolved "http://10.158.249.13:4873/assign-symbols/-/assign-symbols-1.0.0.tgz#59667f41fadd4f20ccbc2bb96b8d4f7f78ec0367"

bytes@3.1.0:
  version "3.1.0"
  resolved "http://10.158.249.13:4873/bytes/-/bytes-3.1.0.tgz#f6cf7933a360e0588fa9fde85651cdc7f805d1f6"

cache-content-type@^1.0.0:
  version "1.0.1"
  resolved "http://10.158.249.13:4873/cache-content-type/-/cache-content-type-1.0.1.tgz#035cde2b08ee2129f4a8315ea8f00a00dba1453c"
  dependencies:
    mime-types "^2.1.18"
    ylru "^1.2.0"

co-body@^5.1.1:
  version "5.2.0"
  resolved "http://10.158.249.13:4873/co-body/-/co-body-5.2.0.tgz#5a0a658c46029131e0e3a306f67647302f71c124"
  dependencies:
    inflation "^2.0.0"
    qs "^6.4.0"
    raw-body "^2.2.0"
    type-is "^1.6.14"

co@^4.6.0:
  version "4.6.0"
  resolved "http://10.158.249.13:4873/co/-/co-4.6.0.tgz#6ea6bdf3d853ae54ccb8e47bfa0bf3f9031fb184"

content-disposition@~0.5.2:
  version "0.5.3"
  resolved "http://10.158.249.13:4873/content-disposition/-/content-disposition-0.5.3.tgz#e130caf7e7279087c5616c2007d0485698984fbd"
  dependencies:
    safe-buffer "5.1.2"

content-type@^1.0.4:
  version "1.0.4"
  resolved "http://10.158.249.13:4873/content-type/-/content-type-1.0.4.tgz#e138cc75e040c727b1966fe5e5f8c9aee256fe3b"

cookies@~0.8.0:
  version "0.8.0"
  resolved "http://10.158.249.13:4873/cookies/-/cookies-0.8.0.tgz#1293ce4b391740a8406e3c9870e828c4b54f3f90"
  dependencies:
    depd "~2.0.0"
    keygrip "~1.1.0"

debug@~3.1.0:
  version "3.1.0"
  resolved "http://10.158.249.13:4873/debug/-/debug-3.1.0.tgz#5bb5a0672628b64149566ba16819e61518c67261"
  dependencies:
    ms "2.0.0"

deep-equal@~1.0.1:
  version "1.0.1"
  resolved "http://10.158.249.13:4873/deep-equal/-/deep-equal-1.0.1.tgz#f5d260292b660e084eff4cdbc9f08ad3247448b5"

delegates@^1.0.0:
  version "1.0.0"
  resolved "http://10.158.249.13:4873/delegates/-/delegates-1.0.0.tgz#84c6e159b81904fdca59a0ef44cd870d31250f9a"

depd@^1.1.2, depd@~1.1.2:
  version "1.1.2"
  resolved "http://10.158.249.13:4873/depd/-/depd-1.1.2.tgz#9bcd52e14c097763e749b274c4346ed2e560b5a9"

depd@~2.0.0:
  version "2.0.0"
  resolved "http://10.158.249.13:4873/depd/-/depd-2.0.0.tgz#b696163cc757560d09cf22cc8fad1571b79e76df"

destroy@^1.0.4:
  version "1.0.4"
  resolved "http://10.158.249.13:4873/destroy/-/destroy-1.0.4.tgz#978857442c44749e4206613e37946205826abd80"

ee-first@1.1.1:
  version "1.1.1"
  resolved "http://10.158.249.13:4873/ee-first/-/ee-first-1.1.1.tgz#590c61156b0ae2f4f0255732a158b266bc56b21d"

encodeurl@^1.0.2:
  version "1.0.2"
  resolved "http://10.158.249.13:4873/encodeurl/-/encodeurl-1.0.2.tgz#ad3ff4c86ec2d029322f5a02c3a9a606c95b3f59"

escape-html@^1.0.3:
  version "1.0.3"
  resolved "http://10.158.249.13:4873/escape-html/-/escape-html-1.0.3.tgz#0258eae4d3d0c0974de1c169188ef0051d1d1988"

extend-shallow@^3.0.2:
  version "3.0.2"
  resolved "http://10.158.249.13:4873/extend-shallow/-/extend-shallow-3.0.2.tgz#26a71aaf073b39fb2127172746131c2704028db8"
  dependencies:
    assign-symbols "^1.0.0"
    is-extendable "^1.0.1"

fast-deep-equal@^3.1.1:
  version "3.1.1"
  resolved "http://10.158.249.13:4873/fast-deep-equal/-/fast-deep-equal-3.1.1.tgz#545145077c501491e33b15ec408c294376e94ae4"

fast-json-stable-stringify@^2.0.0:
  version "2.1.0"
  resolved "http://10.158.249.13:4873/fast-json-stable-stringify/-/fast-json-stable-stringify-2.1.0.tgz#874bf69c6f404c2b5d99c481341399fd55892633"

formidable@^1.1.1:
  version "1.2.2"
  resolved "http://10.158.249.13:4873/formidable/-/formidable-1.2.2.tgz#bf69aea2972982675f00865342b982986f6b8dd9"

fresh@~0.5.2:
  version "0.5.2"
  resolved "http://10.158.249.13:4873/fresh/-/fresh-0.5.2.tgz#3d8cadd90d976569fa835ab1f8e4b23a105605a7"

http-assert@^1.3.0:
  version "1.4.1"
  resolved "http://10.158.249.13:4873/http-assert/-/http-assert-1.4.1.tgz#c5f725d677aa7e873ef736199b89686cceb37878"
  dependencies:
    deep-equal "~1.0.1"
    http-errors "~1.7.2"

http-errors@1.7.3, http-errors@^1.6.3, http-errors@~1.7.2:
  version "1.7.3"
  resolved "http://10.158.249.13:4873/http-errors/-/http-errors-1.7.3.tgz#6c619e4f9c60308c38519498c14fbb10aacebb06"
  dependencies:
    depd "~1.1.2"
    inherits "2.0.4"
    setprototypeof "1.1.1"
    statuses ">= 1.5.0 < 2"
    toidentifier "1.0.0"

http-errors@~1.4.0:
  version "1.4.0"
  resolved "http://10.158.249.13:4873/http-errors/-/http-errors-1.4.0.tgz#6c0242dea6b3df7afda153c71089b31c6e82aabf"
  dependencies:
    inherits "2.0.1"
    statuses ">= 1.2.1 < 2"

iconv-lite@0.4.24:
  version "0.4.24"
  resolved "http://10.158.249.13:4873/iconv-lite/-/iconv-lite-0.4.24.tgz#2022b4b25fbddc21d2f524974a474aafe733908b"
  dependencies:
    safer-buffer ">= 2.1.2 < 3"

inflation@^2.0.0:
  version "2.0.0"
  resolved "http://10.158.249.13:4873/inflation/-/inflation-2.0.0.tgz#8b417e47c28f925a45133d914ca1fd389107f30f"

inherits@2.0.1:
  version "2.0.1"
  resolved "http://10.158.249.13:4873/inherits/-/inherits-2.0.1.tgz#b17d08d326b4423e568eff719f91b0b1cbdf69f1"

inherits@2.0.4:
  version "2.0.4"
  resolved "http://10.158.249.13:4873/inherits/-/inherits-2.0.4.tgz#0fa2c64f932917c3433a0ded55363aae37416b7c"

is-buffer@^1.1.5:
  version "1.1.6"
  resolved "http://10.158.249.13:4873/is-buffer/-/is-buffer-1.1.6.tgz#efaa2ea9daa0d7ab2ea13a97b2b8ad51fefbe8be"

is-extendable@^1.0.1:
  version "1.0.1"
  resolved "http://10.158.249.13:4873/is-extendable/-/is-extendable-1.0.1.tgz#a7470f9e426733d81bd81e1155264e3a3507cab4"
  dependencies:
    is-plain-object "^2.0.4"

is-generator-function@^1.0.7:
  version "1.0.7"
  resolved "http://10.158.249.13:4873/is-generator-function/-/is-generator-function-1.0.7.tgz#d2132e529bb0000a7f80794d4bdf5cd5e5813522"

is-plain-object@^2.0.4:
  version "2.0.4"
  resolved "http://10.158.249.13:4873/is-plain-object/-/is-plain-object-2.0.4.tgz#2c163b3fafb1b606d9d17928f05c2a1c38e07677"
  dependencies:
    isobject "^3.0.1"

isarray@0.0.1:
  version "0.0.1"
  resolved "http://10.158.249.13:4873/isarray/-/isarray-0.0.1.tgz#8a18acfca9a8f4177e09abfc6038939b05d1eedf"

isobject@^3.0.1:
  version "3.0.1"
  resolved "http://10.158.249.13:4873/isobject/-/isobject-3.0.1.tgz#4e431e92b11a9731636aa1f9c8d1ccbcfdab78df"

json-schema-traverse@^0.4.1:
  version "0.4.1"
  resolved "http://10.158.249.13:4873/json-schema-traverse/-/json-schema-traverse-0.4.1.tgz#69f6a87d9513ab8bb8fe63bdb0979c448e684660"

keygrip@~1.1.0:
  version "1.1.0"
  resolved "http://10.158.249.13:4873/keygrip/-/keygrip-1.1.0.tgz#871b1681d5e159c62a445b0c74b615e0917e7226"
  dependencies:
    tsscmp "1.0.6"

kind-of@^3.0.2:
  version "3.2.2"
  resolved "http://10.158.249.13:4873/kind-of/-/kind-of-3.2.2.tgz#31ea21a734bab9bbb0f32466d893aea51e4a3c64"
  dependencies:
    is-buffer "^1.1.5"

koa-body@^4.1.3:
  version "4.1.3"
  resolved "http://10.158.249.13:4873/koa-body/-/koa-body-4.1.3.tgz#1381c91bd2def7044ba790045bf3cfb2cdbb4c51"
  dependencies:
    "@types/formidable" "^1.0.31"
    co-body "^5.1.1"
    formidable "^1.1.1"

koa-compose@^3.0.0:
  version "3.2.1"
  resolved "http://10.158.249.13:4873/koa-compose/-/koa-compose-3.2.1.tgz#a85ccb40b7d986d8e5a345b3a1ace8eabcf54de7"
  dependencies:
    any-promise "^1.1.0"

koa-compose@^4.1.0:
  version "4.1.0"
  resolved "http://10.158.249.13:4873/koa-compose/-/koa-compose-4.1.0.tgz#507306b9371901db41121c812e923d0d67d3e877"

koa-convert@^1.2.0:
  version "1.2.0"
  resolved "http://10.158.249.13:4873/koa-convert/-/koa-convert-1.2.0.tgz#da40875df49de0539098d1700b50820cebcd21d0"
  dependencies:
    co "^4.6.0"
    koa-compose "^3.0.0"

koa-route-schema@^0.0.1:
  version "0.0.1"
  resolved "http://10.158.249.13:4873/koa-route-schema/-/koa-route-schema-0.0.1.tgz#d1daee096b3ca9d671feab33a986b5e6ca457822"
  dependencies:
    ajv "^6.12.2"
    ajv-errors "^1.0.1"
    ajv-keywords "^3.4.1"
    extend-shallow "^3.0.2"
    koa-compose "^4.1.0"
    koa-convert "^1.2.0"
    lazy-cache "^2.0.2"
    path-match "^1.2.4"

koa@^2.12.0:
  version "2.12.0"
  resolved "http://10.158.249.13:4873/koa/-/koa-2.12.0.tgz#c92bfb42defd86f365c31bf63fe918db11fc5c74"
  dependencies:
    accepts "^1.3.5"
    cache-content-type "^1.0.0"
    content-disposition "~0.5.2"
    content-type "^1.0.4"
    cookies "~0.8.0"
    debug "~3.1.0"
    delegates "^1.0.0"
    depd "^1.1.2"
    destroy "^1.0.4"
    encodeurl "^1.0.2"
    escape-html "^1.0.3"
    fresh "~0.5.2"
    http-assert "^1.3.0"
    http-errors "^1.6.3"
    is-generator-function "^1.0.7"
    koa-compose "^4.1.0"
    koa-convert "^1.2.0"
    on-finished "^2.3.0"
    only "~0.0.2"
    parseurl "^1.3.2"
    statuses "^1.5.0"
    type-is "^1.6.16"
    vary "^1.1.2"

lazy-cache@^2.0.2:
  version "2.0.2"
  resolved "http://10.158.249.13:4873/lazy-cache/-/lazy-cache-2.0.2.tgz#b9190a4f913354694840859f8a8f7084d8822264"
  dependencies:
    set-getter "^0.1.0"

media-typer@0.3.0:
  version "0.3.0"
  resolved "http://10.158.249.13:4873/media-typer/-/media-typer-0.3.0.tgz#8710d7af0aa626f8fffa1ce00168545263255748"

mime-db@1.44.0:
  version "1.44.0"
  resolved "http://10.158.249.13:4873/mime-db/-/mime-db-1.44.0.tgz#fa11c5eb0aca1334b4233cb4d52f10c5a6272f92"

mime-types@^2.1.18, mime-types@~2.1.24:
  version "2.1.27"
  resolved "http://10.158.249.13:4873/mime-types/-/mime-types-2.1.27.tgz#47949f98e279ea53119f5722e0f34e529bec009f"
  dependencies:
    mime-db "1.44.0"

ms@2.0.0:
  version "2.0.0"
  resolved "http://10.158.249.13:4873/ms/-/ms-2.0.0.tgz#5608aeadfc00be6c2901df5f9861788de0d597c8"

negotiator@0.6.2:
  version "0.6.2"
  resolved "http://10.158.249.13:4873/negotiator/-/negotiator-0.6.2.tgz#feacf7ccf525a77ae9634436a64883ffeca346fb"

on-finished@^2.3.0:
  version "2.3.0"
  resolved "http://10.158.249.13:4873/on-finished/-/on-finished-2.3.0.tgz#20f1336481b083cd75337992a16971aa2d906947"
  dependencies:
    ee-first "1.1.1"

only@~0.0.2:
  version "0.0.2"
  resolved "http://10.158.249.13:4873/only/-/only-0.0.2.tgz#2afde84d03e50b9a8edc444e30610a70295edfb4"

parseurl@^1.3.2:
  version "1.3.3"
  resolved "http://10.158.249.13:4873/parseurl/-/parseurl-1.3.3.tgz#9da19e7bee8d12dff0513ed5b76957793bc2e8d4"

path-match@^1.2.4:
  version "1.2.4"
  resolved "http://10.158.249.13:4873/path-match/-/path-match-1.2.4.tgz#a62747f3c7e0c2514762697f24443585b09100ea"
  dependencies:
    http-errors "~1.4.0"
    path-to-regexp "^1.0.0"

path-to-regexp@^1.0.0:
  version "1.8.0"
  resolved "http://10.158.249.13:4873/path-to-regexp/-/path-to-regexp-1.8.0.tgz#887b3ba9d84393e87a0a0b9f4cb756198b53548a"
  dependencies:
    isarray "0.0.1"

punycode@^2.1.0:
  version "2.1.1"
  resolved "http://10.158.249.13:4873/punycode/-/punycode-2.1.1.tgz#b58b010ac40c22c5657616c8d2c2c02c7bf479ec"

qs@^6.4.0:
  version "6.9.4"
  resolved "http://10.158.249.13:4873/qs/-/qs-6.9.4.tgz#9090b290d1f91728d3c22e54843ca44aea5ab687"

raw-body@^2.2.0:
  version "2.4.1"
  resolved "http://10.158.249.13:4873/raw-body/-/raw-body-2.4.1.tgz#30ac82f98bb5ae8c152e67149dac8d55153b168c"
  dependencies:
    bytes "3.1.0"
    http-errors "1.7.3"
    iconv-lite "0.4.24"
    unpipe "1.0.0"

safe-buffer@5.1.2:
  version "5.1.2"
  resolved "http://10.158.249.13:4873/safe-buffer/-/safe-buffer-5.1.2.tgz#991ec69d296e0313747d59bdfd2b745c35f8828d"

"safer-buffer@>= 2.1.2 < 3":
  version "2.1.2"
  resolved "http://10.158.249.13:4873/safer-buffer/-/safer-buffer-2.1.2.tgz#44fa161b0187b9549dd84bb91802f9bd8385cd6a"

set-getter@^0.1.0:
  version "0.1.0"
  resolved "http://10.158.249.13:4873/set-getter/-/set-getter-0.1.0.tgz#d769c182c9d5a51f409145f2fba82e5e86e80376"
  dependencies:
    to-object-path "^0.3.0"

setprototypeof@1.1.1:
  version "1.1.1"
  resolved "http://10.158.249.13:4873/setprototypeof/-/setprototypeof-1.1.1.tgz#7e95acb24aa92f5885e0abef5ba131330d4ae683"

"statuses@>= 1.2.1 < 2", "statuses@>= 1.5.0 < 2", statuses@^1.5.0:
  version "1.5.0"
  resolved "http://10.158.249.13:4873/statuses/-/statuses-1.5.0.tgz#161c7dac177659fd9811f43771fa99381478628c"

to-object-path@^0.3.0:
  version "0.3.0"
  resolved "http://10.158.249.13:4873/to-object-path/-/to-object-path-0.3.0.tgz#297588b7b0e7e0ac08e04e672f85c1f4999e17af"
  dependencies:
    kind-of "^3.0.2"

toidentifier@1.0.0:
  version "1.0.0"
  resolved "http://10.158.249.13:4873/toidentifier/-/toidentifier-1.0.0.tgz#7e1be3470f1e77948bc43d94a3c8f4d7752ba553"

tsscmp@1.0.6:
  version "1.0.6"
  resolved "http://10.158.249.13:4873/tsscmp/-/tsscmp-1.0.6.tgz#85b99583ac3589ec4bfef825b5000aa911d605eb"

type-is@^1.6.14, type-is@^1.6.16:
  version "1.6.18"
  resolved "http://10.158.249.13:4873/type-is/-/type-is-1.6.18.tgz#4e552cd05df09467dcbc4ef739de89f2cf37c131"
  dependencies:
    media-typer "0.3.0"
    mime-types "~2.1.24"

unpipe@1.0.0:
  version "1.0.0"
  resolved "http://10.158.249.13:4873/unpipe/-/unpipe-1.0.0.tgz#b2bf4ee8514aae6165b4817829d21b2ef49904ec"

uri-js@^4.2.2:
  version "4.2.2"
  resolved "http://10.158.249.13:4873/uri-js/-/uri-js-4.2.2.tgz#94c540e1ff772956e2299507c010aea6c8838eb0"
  dependencies:
    punycode "^2.1.0"

vary@^1.1.2:
  version "1.1.2"
  resolved "http://10.158.249.13:4873/vary/-/vary-1.1.2.tgz#2299f02c6ded30d4a5961b0b9f74524a18f634fc"

ylru@^1.2.0:
  version "1.2.1"
  resolved "http://10.158.249.13:4873/ylru/-/ylru-1.2.1.tgz#f576b63341547989c1de7ba288760923b27fe84f"
